schema: '2.0'
stages:
  prepare:
    cmd: python src/prepare.py
    deps:
    - path: src/prepare.py
      hash: md5
      md5: a4e00b5fb43a72808f8e9ca07c6c650a
      size: 316
    outs:
    - path: F1-Car-Recognition-1
      hash: md5
      md5: cea32863def0064bb9a8499a4f768de4.dir
      size: 456206730
      nfiles: 4281
  transform:
    cmd: python src/transform.py
    deps:
    - path: F1-Car-Recognition-1
      hash: md5
      md5: cea32863def0064bb9a8499a4f768de4.dir
      size: 456206730
      nfiles: 4281
    - path: src/transform.py
      hash: md5
      md5: 9f3962e9d033b1cffe39af01eebd08ba
      size: 353
    outs:
    - path: transformed_data
      hash: md5
      md5: d751713988987e9331980363e24189ce.dir
      size: 0
      nfiles: 0
  train:
    cmd: python src/train.py
    deps:
    - path: src/train.py
      hash: md5
      md5: ef8e730106f7b473e8b5023600b7e424
      size: 690
    - path: transformed_data
      hash: md5
      md5: d751713988987e9331980363e24189ce.dir
      size: 0
      nfiles: 0
    outs:
    - path: models
      hash: md5
      md5: d751713988987e9331980363e24189ce.dir
      size: 0
      nfiles: 0
  evaluate:
    cmd: python src/evaluate.py
    deps:
    - path: models
      hash: md5
      md5: d751713988987e9331980363e24189ce.dir
      size: 0
      nfiles: 0
    - path: src/evaluate.py
      hash: md5
      md5: 52fedeac81e8217c30f01fb0e97b3f03
      size: 318
  visualise:
    cmd: python src/visualise.py
    deps:
    - path: F1-Car-Recognition-1
      hash: md5
      md5: cea32863def0064bb9a8499a4f768de4.dir
      size: 456206730
      nfiles: 4281
    - path: src/visualise.py
      hash: md5
      md5: 8730d463d2afc9e56247fbbf99d03a71
      size: 1725
    outs:
    - path: img
      hash: md5
      md5: b57c318530b6281e5a6590f06fabe9e9.dir
      size: 403715
      nfiles: 4
