schema: '2.0'
stages:
  prepare:
    cmd: python src/prepare.py
    deps:
    - path: src/prepare.py
      hash: md5
      md5: b73b888333e29b2c334161683ae15255
      size: 316
    outs:
    - path: F1-Car-Recognition-1
      hash: md5
      md5: abfd82925d09f8e29f27c550acddcec4.dir
      size: 456206730
      nfiles: 4281
  transform:
    cmd: python src/transform.py
    deps:
    - path: F1-Car-Recognition-1
      hash: md5
      md5: f88aa2094ded5292eda254150056df18.dir
      size: 456067230
      nfiles: 2144
    - path: src/transform.py
      hash: md5
      md5: 9f3962e9d033b1cffe39af01eebd08ba
      size: 353
    outs:
    - path: transformed_data
      hash: md5
      md5: d751713988987e9331980363e24189ce.dir
      size: 0
      nfiles: 0
  train:
    cmd: python src/train.py
    deps:
    - path: src/train.py
      hash: md5
      md5: 050e99fbb35b7efd35978f70dc9ac3c6
      size: 424
    - path: transformed_data
      hash: md5
      md5: d751713988987e9331980363e24189ce.dir
      size: 0
      nfiles: 0
    outs:
    - path: models
      hash: md5
      md5: d751713988987e9331980363e24189ce.dir
      size: 0
      nfiles: 0
  evaluate:
    cmd: python src/evaluate.py
    deps:
    - path: models
      hash: md5
      md5: d751713988987e9331980363e24189ce.dir
      size: 0
      nfiles: 0
    - path: src/evaluate.py
      hash: md5
      md5: 52fedeac81e8217c30f01fb0e97b3f03
      size: 318
  visualise:
    cmd: python src/visualise.py
    deps:
    - path: F1-Car-Recognition-1
      hash: md5
      md5: f88aa2094ded5292eda254150056df18.dir
      size: 456067230
      nfiles: 2144
    - path: src/visualise.py
      hash: md5
      md5: be46926a91785aef2cc61c384f908728
      size: 2130
    outs:
    - path: img
      hash: md5
      md5: d751713988987e9331980363e24189ce.dir
      size: 0
      nfiles: 0
